
Microsoft Visual Studio Solution File, Format Version 12.00
# Visual Studio Version 16
VisualStudioVersion = 16.0.810.6
MinimumVisualStudioVersion = 10.0.40219.1
Project("{FAE04EC0-301F-11D3-BF4B-00C04F79EFBC}") = "simple-es-core", "simple-es-core\simple-es-core.csproj", "{CBEC6C15-3F4B-4870-8031-7F22ED3E6AF2}"
EndProject
Project("{FAE04EC0-301F-11D3-BF4B-00C04F79EFBC}") = "todo-list-es", "todo-list-es\todo-list-es.csproj", "{4F107947-8D27-4CE9-8E16-B080695F8B96}"
EndProject
Global
	GlobalSection(SolutionConfigurationPlatforms) = preSolution
		Debug|Any CPU = Debug|Any CPU
		Release|Any CPU = Release|Any CPU
	EndGlobalSection
	GlobalSection(ProjectConfigurationPlatforms) = postSolution
		{CBEC6C15-3F4B-4870-8031-7F22ED3E6AF2}.Debug|Any CPU.ActiveCfg = Debug|Any CPU
		{CBEC6C15-3F4B-4870-8031-7F22ED3E6AF2}.Debug|Any CPU.Build.0 = Debug|Any CPU
		{CBEC6C15-3F4B-4870-8031-7F22ED3E6AF2}.Release|Any CPU.ActiveCfg = Release|Any CPU
		{CBEC6C15-3F4B-4870-8031-7F22ED3E6AF2}.Release|Any CPU.Build.0 = Release|Any CPU
		{4F107947-8D27-4CE9-8E16-B080695F8B96}.Debug|Any CPU.ActiveCfg = Debug|Any CPU
		{4F107947-8D27-4CE9-8E16-B080695F8B96}.Debug|Any CPU.Build.0 = Debug|Any CPU
		{4F107947-8D27-4CE9-8E16-B080695F8B96}.Release|Any CPU.ActiveCfg = Release|Any CPU
		{4F107947-8D27-4CE9-8E16-B080695F8B96}.Release|Any CPU.Build.0 = Release|Any CPU
	EndGlobalSection
	GlobalSection(SolutionProperties) = preSolution
		HideSolutionNode = FALSE
	EndGlobalSection
	GlobalSection(ExtensibilityGlobals) = postSolution
		SolutionGuid = {38FDF026-2AF4-4933-8D6D-E2A15B7646F3}
	EndGlobalSection
EndGlobal
